// !$*UTF8*$!
{
	archiveVersion = 1;
	classes = {
	};
	objectVersion = 46;
	objects = {

/* Begin PBXBuildFile section */
		2A91CE7B1E90151C0019038D /* Heisei.png in Resources */ = {isa = PBXBuildFile; fileRef = 2A91CE751E90151C0019038D /* Heisei.png */; };
		2A91CE7C1E90151C0019038D /* Heisei@2x.png in Resources */ = {isa = PBXBuildFile; fileRef = 2A91CE761E90151C0019038D /* Heisei@2x.png */; };
		2A91CE7D1E90151C0019038D /* Heisei@3x.png in Resources */ = {isa = PBXBuildFile; fileRef = 2A91CE771E90151C0019038D /* Heisei@3x.png */; };
		2A91CE7E1E90151C0019038D /* Seireki.png in Resources */ = {isa = PBXBuildFile; fileRef = 2A91CE781E90151C0019038D /* Seireki.png */; };
		2A91CE7F1E90151C0019038D /* Seireki@2x.png in Resources */ = {isa = PBXBuildFile; fileRef = 2A91CE791E90151C0019038D /* Seireki@2x.png */; };
		2A91CE801E90151C0019038D /* Seireki@3x.png in Resources */ = {isa = PBXBuildFile; fileRef = 2A91CE7A1E90151C0019038D /* Seireki@3x.png */; };
		2A91CE871E901AA90019038D /* HeiseiTap.png in Resources */ = {isa = PBXBuildFile; fileRef = 2A91CE811E901AA90019038D /* HeiseiTap.png */; };
		2A91CE881E901AA90019038D /* HeiseiTap@2x.png in Resources */ = {isa = PBXBuildFile; fileRef = 2A91CE821E901AA90019038D /* HeiseiTap@2x.png */; };
		2A91CE891E901AA90019038D /* HeiseiTap@3x.png in Resources */ = {isa = PBXBuildFile; fileRef = 2A91CE831E901AA90019038D /* HeiseiTap@3x.png */; };
		2A91CE8A1E901AA90019038D /* SeirekiTap.png in Resources */ = {isa = PBXBuildFile; fileRef = 2A91CE841E901AA90019038D /* SeirekiTap.png */; };
		2A91CE8B1E901AA90019038D /* SeirekiTap@2x.png in Resources */ = {isa = PBXBuildFile; fileRef = 2A91CE851E901AA90019038D /* SeirekiTap@2x.png */; };
		2A91CE8C1E901AA90019038D /* SeirekiTap@3x.png in Resources */ = {isa = PBXBuildFile; fileRef = 2A91CE861E901AA90019038D /* SeirekiTap@3x.png */; };
		2ADE03131E8F8A1000F77925 /* AppDelegate.swift in Sources */ = {isa = PBXBuildFile; fileRef = 2ADE03121E8F8A1000F77925 /* AppDelegate.swift */; };
		2ADE03151E8F8A1000F77925 /* ViewController.swift in Sources */ = {isa = PBXBuildFile; fileRef = 2ADE03141E8F8A1000F77925 /* ViewController.swift */; };
		2ADE03181E8F8A1000F77925 /* Main.storyboard in Resources */ = {isa = PBXBuildFile; fileRef = 2ADE03161E8F8A1000F77925 /* Main.storyboard */; };
		2ADE031A1E8F8A1000F77925 /* Assets.xcassets in Resources */ = {isa = PBXBuildFile; fileRef = 2ADE03191E8F8A1000F77925 /* Assets.xcassets */; };
		2ADE031D1E8F8A1000F77925 /* LaunchScreen.storyboard in Resources */ = {isa = PBXBuildFile; fileRef = 2ADE031B1E8F8A1000F77925 /* LaunchScreen.storyboard */; };
		2ADE03281E8F8A1000F77925 /* YearAppTests.swift in Sources */ = {isa = PBXBuildFile; fileRef = 2ADE03271E8F8A1000F77925 /* YearAppTests.swift */; };
		2ADE03331E8F8A1000F77925 /* YearAppUITests.swift in Sources */ = {isa = PBXBuildFile; fileRef = 2ADE03321E8F8A1000F77925 /* YearAppUITests.swift */; };
/* End PBXBuildFile section */

/* Begin PBXContainerItemProxy section */
		2ADE03241E8F8A1000F77925 /* PBXContainerItemProxy */ = {
			isa = PBXContainerItemProxy;
			containerPortal = 2ADE03071E8F8A1000F77925 /* Project object */;
			proxyType = 1;
			remoteGlobalIDString = 2ADE030E1E8F8A1000F77925;
			remoteInfo = YearApp;
		};
		2ADE032F1E8F8A1000F77925 /* PBXContainerItemProxy */ = {
			isa = PBXContainerItemProxy;
			containerPortal = 2ADE03071E8F8A1000F77925 /* Project object */;
			proxyType = 1;
			remoteGlobalIDString = 2ADE030E1E8F8A1000F77925;
			remoteInfo = YearApp;
		};
/* End PBXContainerItemProxy section */

/* Begin PBXFileReference section */
		2A91CE751E90151C0019038D /* Heisei.png */ = {isa = PBXFileReference; lastKnownFileType = image.png; path = Heisei.png; sourceTree = "<group>"; };
		2A91CE761E90151C0019038D /* Heisei@2x.png */ = {isa = PBXFileReference; lastKnownFileType = image.png; path = "Heisei@2x.png"; sourceTree = "<group>"; };
		2A91CE771E90151C0019038D /* Heisei@3x.png */ = {isa = PBXFileReference; lastKnownFileType = image.png; path = "Heisei@3x.png"; sourceTree = "<group>"; };
		2A91CE781E90151C0019038D /* Seireki.png */ = {isa = PBXFileReference; lastKnownFileType = image.png; path = Seireki.png; sourceTree = "<group>"; };
		2A91CE791E90151C0019038D /* Seireki@2x.png */ = {isa = PBXFileReference; lastKnownFileType = image.png; path = "Seireki@2x.png"; sourceTree = "<group>"; };
		2A91CE7A1E90151C0019038D /* Seireki@3x.png */ = {isa = PBXFileReference; lastKnownFileType = image.png; path = "Seireki@3x.png"; sourceTree = "<group>"; };
		2A91CE811E901AA90019038D /* HeiseiTap.png */ = {isa = PBXFileReference; lastKnownFileType = image.png; path = HeiseiTap.png; sourceTree = "<group>"; };
		2A91CE821E901AA90019038D /* HeiseiTap@2x.png */ = {isa = PBXFileReference; lastKnownFileType = image.png; path = "HeiseiTap@2x.png"; sourceTree = "<group>"; };
		2A91CE831E901AA90019038D /* HeiseiTap@3x.png */ = {isa = PBXFileReference; lastKnownFileType = image.png; path = "HeiseiTap@3x.png"; sourceTree = "<group>"; };
		2A91CE841E901AA90019038D /* SeirekiTap.png */ = {isa = PBXFileReference; lastKnownFileType = image.png; path = SeirekiTap.png; sourceTree = "<group>"; };
		2A91CE851E901AA90019038D /* SeirekiTap@2x.png */ = {isa = PBXFileReference; lastKnownFileType = image.png; path = "SeirekiTap@2x.png"; sourceTree = "<group>"; };
		2A91CE861E901AA90019038D /* SeirekiTap@3x.png */ = {isa = PBXFileReference; lastKnownFileType = image.png; path = "SeirekiTap@3x.png"; sourceTree = "<group>"; };
		2ADE030F1E8F8A1000F77925 /* YearApp.app */ = {isa = PBXFileReference; explicitFileType = wrapper.application; includeInIndex = 0; path = YearApp.app; sourceTree = BUILT_PRODUCTS_DIR; };
		2ADE03121E8F8A1000F77925 /* AppDelegate.swift */ = {isa = PBXFileReference; lastKnownFileType = sourcecode.swift; path = AppDelegate.swift; sourceTree = "<group>"; };
		2ADE03141E8F8A1000F77925 /* ViewController.swift */ = {isa = PBXFileReference; lastKnownFileType = sourcecode.swift; path = ViewController.swift; sourceTree = "<group>"; };
		2ADE03171E8F8A1000F77925 /* Base */ = {isa = PBXFileReference; lastKnownFileType = file.storyboard; name = Base; path = Base.lproj/Main.storyboard; sourceTree = "<group>"; };
		2ADE03191E8F8A1000F77925 /* Assets.xcassets */ = {isa = PBXFileReference; lastKnownFileType = folder.assetcatalog; path = Assets.xcassets; sourceTree = "<group>"; };
		2ADE031C1E8F8A1000F77925 /* Base */ = {isa = PBXFileReference; lastKnownFileType = file.storyboard; name = Base; path = Base.lproj/LaunchScreen.storyboard; sourceTree = "<group>"; };
		2ADE031E1E8F8A1000F77925 /* Info.plist */ = {isa = PBXFileReference; lastKnownFileType = text.plist.xml; path = Info.plist; sourceTree = "<group>"; };
		2ADE03231E8F8A1000F77925 /* YearAppTests.xctest */ = {isa = PBXFileReference; explicitFileType = wrapper.cfbundle; includeInIndex = 0; path = YearAppTests.xctest; sourceTree = BUILT_PRODUCTS_DIR; };
		2ADE03271E8F8A1000F77925 /* YearAppTests.swift */ = {isa = PBXFileReference; lastKnownFileType = sourcecode.swift; path = YearAppTests.swift; sourceTree = "<group>"; };
		2ADE03291E8F8A1000F77925 /* Info.plist */ = {isa = PBXFileReference; lastKnownFileType = text.plist.xml; path = Info.plist; sourceTree = "<group>"; };
		2ADE032E1E8F8A1000F77925 /* YearAppUITests.xctest */ = {isa = PBXFileReference; explicitFileType = wrapper.cfbundle; includeInIndex = 0; path = YearAppUITests.xctest; sourceTree = BUILT_PRODUCTS_DIR; };
		2ADE03321E8F8A1000F77925 /* YearAppUITests.swift */ = {isa = PBXFileReference; lastKnownFileType = sourcecode.swift; path = YearAppUITests.swift; sourceTree = "<group>"; };
		2ADE03341E8F8A1000F77925 /* Info.plist */ = {isa = PBXFileReference; lastKnownFileType = text.plist.xml; path = Info.plist; sourceTree = "<group>"; };
/* End PBXFileReference section */

/* Begin PBXFrameworksBuildPhase section */
		2ADE030C1E8F8A1000F77925 /* Frameworks */ = {
			isa = PBXFrameworksBuildPhase;
			buildActionMask = 2147483647;
			files = (
			);
			runOnlyForDeploymentPostprocessing = 0;
		};
		2ADE03201E8F8A1000F77925 /* Frameworks */ = {
			isa = PBXFrameworksBuildPhase;
			buildActionMask = 2147483647;
			files = (
			);
			runOnlyForDeploymentPostprocessing = 0;
		};
		2ADE032B1E8F8A1000F77925 /* Frameworks */ = {
			isa = PBXFrameworksBuildPhase;
			buildActionMask = 2147483647;
			files = (
			);
			runOnlyForDeploymentPostprocessing = 0;
		};
/* End PBXFrameworksBuildPhase section */

/* Begin PBXGroup section */
		2ADE03061E8F8A1000F77925 = {
			isa = PBXGroup;
			children = (
				2ADE03111E8F8A1000F77925 /* YearApp */,
				2ADE03261E8F8A1000F77925 /* YearAppTests */,
				2ADE03311E8F8A1000F77925 /* YearAppUITests */,
				2ADE03101E8F8A1000F77925 /* Products */,
			);
			sourceTree = "<group>";
		};
		2ADE03101E8F8A1000F77925 /* Products */ = {
			isa = PBXGroup;
			children = (
				2ADE030F1E8F8A1000F77925 /* YearApp.app */,
				2ADE03231E8F8A1000F77925 /* YearAppTests.xctest */,
				2ADE032E1E8F8A1000F77925 /* YearAppUITests.xctest */,
			);
			name = Products;
			sourceTree = "<group>";
		};
		2ADE03111E8F8A1000F77925 /* YearApp */ = {
			isa = PBXGroup;
			children = (
				2ADE03121E8F8A1000F77925 /* AppDelegate.swift */,
				2ADE03141E8F8A1000F77925 /* ViewController.swift */,
				2ADE03161E8F8A1000F77925 /* Main.storyboard */,
				2ADE03191E8F8A1000F77925 /* Assets.xcassets */,
				2ADE031B1E8F8A1000F77925 /* LaunchScreen.storyboard */,
				2A91CE751E90151C0019038D /* Heisei.png */,
				2A91CE761E90151C0019038D /* Heisei@2x.png */,
				2A91CE771E90151C0019038D /* Heisei@3x.png */,
				2A91CE781E90151C0019038D /* Seireki.png */,
				2A91CE791E90151C0019038D /* Seireki@2x.png */,
				2A91CE7A1E90151C0019038D /* Seireki@3x.png */,
				2A91CE811E901AA90019038D /* HeiseiTap.png */,
				2A91CE821E901AA90019038D /* HeiseiTap@2x.png */,
				2A91CE831E901AA90019038D /* HeiseiTap@3x.png */,
				2A91CE841E901AA90019038D /* SeirekiTap.png */,
				2A91CE851E901AA90019038D /* SeirekiTap@2x.png */,
				2A91CE861E901AA90019038D /* SeirekiTap@3x.png */,
				2ADE031E1E8F8A1000F77925 /* Info.plist */,
			);
			path = YearApp;
			sourceTree = "<group>";
		};
		2ADE03261E8F8A1000F77925 /* YearAppTests */ = {
			isa = PBXGroup;
			children = (
				2ADE03271E8F8A1000F77925 /* YearAppTests.swift */,
				2ADE03291E8F8A1000F77925 /* Info.plist */,
			);
			path = YearAppTests;
			sourceTree = "<group>";
		};
		2ADE03311E8F8A1000F77925 /* YearAppUITests */ = {
			isa = PBXGroup;
			children = (
				2ADE03321E8F8A1000F77925 /* YearAppUITests.swift */,
				2ADE03341E8F8A1000F77925 /* Info.plist */,
			);
			path = YearAppUITests;
			sourceTree = "<group>";
		};
/* End PBXGroup section */

/* Begin PBXNativeTarget section */
		2ADE030E1E8F8A1000F77925 /* YearApp */ = {
			isa = PBXNativeTarget;
			buildConfigurationList = 2ADE03371E8F8A1000F77925 /* Build configuration list for PBXNativeTarget "YearApp" */;
			buildPhases = (
				2ADE030B1E8F8A1000F77925 /* Sources */,
				2ADE030C1E8F8A1000F77925 /* Frameworks */,
				2ADE030D1E8F8A1000F77925 /* Resources */,
			);
			buildRules = (
			);
			dependencies = (
			);
			name = YearApp;
			productName = YearApp;
			productReference = 2ADE030F1E8F8A1000F77925 /* YearApp.app */;
			productType = "com.apple.product-type.application";
		};
		2ADE03221E8F8A1000F77925 /* YearAppTests */ = {
			isa = PBXNativeTarget;
			buildConfigurationList = 2ADE033A1E8F8A1000F77925 /* Build configuration list for PBXNativeTarget "YearAppTests" */;
			buildPhases = (
				2ADE031F1E8F8A1000F77925 /* Sources */,
				2ADE03201E8F8A1000F77925 /* Frameworks */,
				2ADE03211E8F8A1000F77925 /* Resources */,
			);
			buildRules = (
			);
			dependencies = (
				2ADE03251E8F8A1000F77925 /* PBXTargetDependency */,
			);
			name = YearAppTests;
			productName = YearAppTests;
			productReference = 2ADE03231E8F8A1000F77925 /* YearAppTests.xctest */;
			productType = "com.apple.product-type.bundle.unit-test";
		};
		2ADE032D1E8F8A1000F77925 /* YearAppUITests */ = {
			isa = PBXNativeTarget;
			buildConfigurationList = 2ADE033D1E8F8A1000F77925 /* Build configuration list for PBXNativeTarget "YearAppUITests" */;
			buildPhases = (
				2ADE032A1E8F8A1000F77925 /* Sources */,
				2ADE032B1E8F8A1000F77925 /* Frameworks */,
				2ADE032C1E8F8A1000F77925 /* Resources */,
			);
			buildRules = (
			);
			dependencies = (
				2ADE03301E8F8A1000F77925 /* PBXTargetDependency */,
			);
			name = YearAppUITests;
			productName = YearAppUITests;
			productReference = 2ADE032E1E8F8A1000F77925 /* YearAppUITests.xctest */;
			productType = "com.apple.product-type.bundle.ui-testing";
		};
/* End PBXNativeTarget section */

/* Begin PBXProject section */
		2ADE03071E8F8A1000F77925 /* Project object */ = {
			isa = PBXProject;
			attributes = {
				LastSwiftUpdateCheck = 0830;
				LastUpgradeCheck = 0830;
				ORGANIZATIONNAME = ro.okamu;
				TargetAttributes = {
					2ADE030E1E8F8A1000F77925 = {
						CreatedOnToolsVersion = 8.3;
						DevelopmentTeam = 2E5E462W28;
						ProvisioningStyle = Automatic;
					};
					2ADE03221E8F8A1000F77925 = {
						CreatedOnToolsVersion = 8.3;
						DevelopmentTeam = 2E5E462W28;
						ProvisioningStyle = Automatic;
						TestTargetID = 2ADE030E1E8F8A1000F77925;
					};
					2ADE032D1E8F8A1000F77925 = {
						CreatedOnToolsVersion = 8.3;
						DevelopmentTeam = 2E5E462W28;
						ProvisioningStyle = Automatic;
						TestTargetID = 2ADE030E1E8F8A1000F77925;
					};
				};
			};
			buildConfigurationList = 2ADE030A1E8F8A1000F77925 /* Build configuration list for PBXProject "YearApp" */;
			compatibilityVersion = "Xcode 3.2";
			developmentRegion = English;
			hasScannedForEncodings = 0;
			knownRegions = (
				en,
				Base,
			);
			mainGroup = 2ADE03061E8F8A1000F77925;
			productRefGroup = 2ADE03101E8F8A1000F77925 /* Products */;
			projectDirPath = "";
			projectRoot = "";
			targets = (
				2ADE030E1E8F8A1000F77925 /* YearApp */,
				2ADE03221E8F8A1000F77925 /* YearAppTests */,
				2ADE032D1E8F8A1000F77925 /* YearAppUITests */,
			);
		};
/* End PBXProject section */

/* Begin PBXResourcesBuildPhase section */
		2ADE030D1E8F8A1000F77925 /* Resources */ = {
			isa = PBXResourcesBuildPhase;
			buildActionMask = 2147483647;
			files = (
				2A91CE7E1E90151C0019038D /* Seireki.png in Resources */,
				2A91CE8A1E901AA90019038D /* SeirekiTap.png in Resources */,
				2A91CE7B1E90151C0019038D /* Heisei.png in Resources */,
				2A91CE871E901AA90019038D /* HeiseiTap.png in Resources */,
				2A91CE8C1E901AA90019038D /* SeirekiTap@3x.png in Resources */,
				2A91CE7C1E90151C0019038D /* Heisei@2x.png in Resources */,
				2A91CE7D1E90151C0019038D /* Heisei@3x.png in Resources */,
				2ADE031D1E8F8A1000F77925 /* LaunchScreen.storyboard in Resources */,
				2ADE031A1E8F8A1000F77925 /* Assets.xcassets in Resources */,
				2ADE03181E8F8A1000F77925 /* Main.storyboard in Resources */,
				2A91CE7F1E90151C0019038D /* Seireki@2x.png in Resources */,
				2A91CE801E90151C0019038D /* Seireki@3x.png in Resources */,
				2A91CE8B1E901AA90019038D /* SeirekiTap@2x.png in Resources */,
				2A91CE891E901AA90019038D /* HeiseiTap@3x.png in Resources */,
				2A91CE881E901AA90019038D /* HeiseiTap@2x.png in Resources */,
			);
			runOnlyForDeploymentPostprocessing = 0;
		};
		2ADE03211E8F8A1000F77925 /* Resources */ = {
			isa = PBXResourcesBuildPhase;
			buildActionMask = 2147483647;
			files = (
			);
			runOnlyForDeploymentPostprocessing = 0;
		};
		2ADE032C1E8F8A1000F77925 /* Resources */ = {
			isa = PBXResourcesBuildPhase;
			buildActionMask = 2147483647;
			files = (
			);
			runOnlyForDeploymentPostprocessing = 0;
		};
/* End PBXResourcesBuildPhase section */

/* Begin PBXSourcesBuildPhase section */
		2ADE030B1E8F8A1000F77925 /* Sources */ = {
			isa = PBXSourcesBuildPhase;
			buildActionMask = 2147483647;
			files = (
				2ADE03151E8F8A1000F77925 /* ViewController.swift in Sources */,
				2ADE03131E8F8A1000F77925 /* AppDelegate.swift in Sources */,
			);
			runOnlyForDeploymentPostprocessing = 0;
		};
		2ADE031F1E8F8A1000F77925 /* Sources */ = {
			isa = PBXSourcesBuildPhase;
			buildActionMask = 2147483647;
			files = (
				2ADE03281E8F8A1000F77925 /* YearAppTests.swift in Sources */,
			);
			runOnlyForDeploymentPostprocessing = 0;
		};
		2ADE032A1E8F8A1000F77925 /* Sources */ = {
			isa = PBXSourcesBuildPhase;
			buildActionMask = 2147483647;
			files = (
				2ADE03331E8F8A1000F77925 /* YearAppUITests.swift in Sources */,
			);
			runOnlyForDeploymentPostprocessing = 0;
		};
/* End PBXSourcesBuildPhase section */

/* Begin PBXTargetDependency section */
		2ADE03251E8F8A1000F77925 /* PBXTargetDependency */ = {
			isa = PBXTargetDependency;
			target = 2ADE030E1E8F8A1000F77925 /* YearApp */;
			targetProxy = 2ADE03241E8F8A1000F77925 /* PBXContainerItemProxy */;
		};
		2ADE03301E8F8A1000F77925 /* PBXTargetDependency */ = {
			isa = PBXTargetDependency;
			target = 2ADE030E1E8F8A1000F77925 /* YearApp */;
			targetProxy = 2ADE032F1E8F8A1000F77925 /* PBXContainerItemProxy */;
		};
/* End PBXTargetDependency section */

/* Begin PBXVariantGroup section */
		2ADE03161E8F8A1000F77925 /* Main.storyboard */ = {
			isa = PBXVariantGroup;
			children = (
				2ADE03171E8F8A1000F77925 /* Base */,
			);
			name = Main.storyboard;
			sourceTree = "<group>";
		};
		2ADE031B1E8F8A1000F77925 /* LaunchScreen.storyboard */ = {
			isa = PBXVariantGroup;
			children = (
				2ADE031C1E8F8A1000F77925 /* Base */,
			);
			name = LaunchScreen.storyboard;
			sourceTree = "<group>";
		};
/* End PBXVariantGroup section */

/* Begin XCBuildConfiguration section */
		2ADE03351E8F8A1000F77925 /* Debug */ = {
			isa = XCBuildConfiguration;
			buildSettings = {
				ALWAYS_SEARCH_USER_PATHS = NO;
				CLANG_ANALYZER_NONNULL = YES;
				CLANG_ANALYZER_NUMBER_OBJECT_CONVERSION = YES_AGGRESSIVE;
				CLANG_CXX_LANGUAGE_STANDARD = "gnu++0x";
				CLANG_CXX_LIBRARY = "libc++";
				CLANG_ENABLE_MODULES = YES;
				CLANG_ENABLE_OBJC_ARC = YES;
				CLANG_WARN_BOOL_CONVERSION = YES;
				CLANG_WARN_CONSTANT_CONVERSION = YES;
				CLANG_WARN_DIRECT_OBJC_ISA_USAGE = YES_ERROR;
				CLANG_WARN_DOCUMENTATION_COMMENTS = YES;
				CLANG_WARN_EMPTY_BODY = YES;
				CLANG_WARN_ENUM_CONVERSION = YES;
				CLANG_WARN_INFINITE_RECURSION = YES;
				CLANG_WARN_INT_CONVERSION = YES;
				CLANG_WARN_OBJC_ROOT_CLASS = YES_ERROR;
				CLANG_WARN_SUSPICIOUS_MOVE = YES;
				CLANG_WARN_UNREACHABLE_CODE = YES;
				CLANG_WARN__DUPLICATE_METHOD_MATCH = YES;
				"CODE_SIGN_IDENTITY[sdk=iphoneos*]" = "iPhone Developer";
				COPY_PHASE_STRIP = NO;
				DEBUG_INFORMATION_FORMAT = dwarf;
				ENABLE_STRICT_OBJC_MSGSEND = YES;
				ENABLE_TESTABILITY = YES;
				GCC_C_LANGUAGE_STANDARD = gnu99;
				GCC_DYNAMIC_NO_PIC = NO;
				GCC_NO_COMMON_BLOCKS = YES;
				GCC_OPTIMIZATION_LEVEL = 0;
				GCC_PREPROCESSOR_DEFINITIONS = (
					"DEBUG=1",
					"$(inherited)",
				);
				GCC_WARN_64_TO_32_BIT_CONVERSION = YES;
				GCC_WARN_ABOUT_RETURN_TYPE = YES_ERROR;
				GCC_WARN_UNDECLARED_SELECTOR = YES;
				GCC_WARN_UNINITIALIZED_AUTOS = YES_AGGRESSIVE;
				GCC_WARN_UNUSED_FUNCTION = YES;
				GCC_WARN_UNUSED_VARIABLE = YES;
				IPHONEOS_DEPLOYMENT_TARGET = 10.3;
				MTL_ENABLE_DEBUG_INFO = YES;
				ONLY_ACTIVE_ARCH = YES;
				SDKROOT = iphoneos;
				SWIFT_ACTIVE_COMPILATION_CONDITIONS = DEBUG;
				SWIFT_OPTIMIZATION_LEVEL = "-Onone";
				TARGETED_DEVICE_FAMILY = "1,2";
			};
			name = Debug;
		};
		2ADE03361E8F8A1000F77925 /* Release */ = {
			isa = XCBuildConfiguration;
			buildSettings = {
				ALWAYS_SEARCH_USER_PATHS = NO;
				CLANG_ANALYZER_NONNULL = YES;
				CLANG_ANALYZER_NUMBER_OBJECT_CONVERSION = YES_AGGRESSIVE;
				CLANG_CXX_LANGUAGE_STANDARD = "gnu++0x";
				CLANG_CXX_LIBRARY = "libc++";
				CLANG_ENABLE_MODULES = YES;
				CLANG_ENABLE_OBJC_ARC = YES;
				CLANG_WARN_BOOL_CONVERSION = YES;
				CLANG_WARN_CONSTANT_CONVERSION = YES;
				CLANG_WARN_DIRECT_OBJC_ISA_USAGE = YES_ERROR;
				CLANG_WARN_DOCUMENTATION_COMMENTS = YES;
				CLANG_WARN_EMPTY_BODY = YES;
				CLANG_WARN_ENUM_CONVERSION = YES;
				CLANG_WARN_INFINITE_RECURSION = YES;
				CLANG_WARN_INT_CONVERSION = YES;
				CLANG_WARN_OBJC_ROOT_CLASS = YES_ERROR;
				CLANG_WARN_SUSPICIOUS_MOVE = YES;
				CLANG_WARN_UNREACHABLE_CODE = YES;
				CLANG_WARN__DUPLICATE_METHOD_MATCH = YES;
				"CODE_SIGN_IDENTITY[sdk=iphoneos*]" = "iPhone Developer";
				COPY_PHASE_STRIP = NO;
				DEBUG_INFORMATION_FORMAT = "dwarf-with-dsym";
				ENABLE_NS_ASSERTIONS = NO;
				ENABLE_STRICT_OBJC_MSGSEND = YES;
				GCC_C_LANGUAGE_STANDARD = gnu99;
				GCC_NO_COMMON_BLOCKS = YES;
				GCC_WARN_64_TO_32_BIT_CONVERSION = YES;
				GCC_WARN_ABOUT_RETURN_TYPE = YES_ERROR;
				GCC_WARN_UNDECLARED_SELECTOR = YES;
				GCC_WARN_UNINITIALIZED_AUTOS = YES_AGGRESSIVE;
				GCC_WARN_UNUSED_FUNCTION = YES;
				GCC_WARN_UNUSED_VARIABLE = YES;
				IPHONEOS_DEPLOYMENT_TARGET = 10.3;
				MTL_ENABLE_DEBUG_INFO = NO;
				SDKROOT = iphoneos;
				SWIFT_OPTIMIZATION_LEVEL = "-Owholemodule";
				TARGETED_DEVICE_FAMILY = "1,2";
				VALIDATE_PRODUCT = YES;
			};
			name = Release;
		};
		2ADE03381E8F8A1000F77925 /* Debug */ = {
			isa = XCBuildConfiguration;
			buildSettings = {
				ASSETCATALOG_COMPILER_APPICON_NAME = "icon-heisei";
				DEVELOPMENT_TEAM = 2E5E462W28;
				INFOPLIST_FILE = YearApp/Info.plist;
				IPHONEOS_DEPLOYMENT_TARGET = 10.3;
				LD_RUNPATH_SEARCH_PATHS = "$(inherited) @executable_path/Frameworks";
				PRODUCT_BUNDLE_IDENTIFIER = ro.okamu.YearApp;
				PRODUCT_NAME = "$(TARGET_NAME)";
				SWIFT_VERSION = 3.0;
			};
			name = Debug;
		};
		2ADE03391E8F8A1000F77925 /* Release */ = {
			isa = XCBuildConfiguration;
			buildSettings = {
				ASSETCATALOG_COMPILER_APPICON_NAME = "icon-heisei";
				DEVELOPMENT_TEAM = 2E5E462W28;
				INFOPLIST_FILE = YearApp/Info.plist;
				IPHONEOS_DEPLOYMENT_TARGET = 10.3;
				LD_RUNPATH_SEARCH_PATHS = "$(inherited) @executable_path/Frameworks";
				PRODUCT_BUNDLE_IDENTIFIER = ro.okamu.YearApp;
				PRODUCT_NAME = "$(TARGET_NAME)";
				SWIFT_VERSION = 3.0;
			};
			name = Release;
		};
		2ADE033B1E8F8A1000F77925 /* Debug */ = {
			isa = XCBuildConfiguration;
			buildSettings = {
				ALWAYS_EMBED_SWIFT_STANDARD_LIBRARIES = YES;
				BUNDLE_LOADER = "$(TEST_HOST)";
				DEVELOPMENT_TEAM = 2E5E462W28;
				INFOPLIST_FILE = YearAppTests/Info.plist;
				LD_RUNPATH_SEARCH_PATHS = "$(inherited) @executable_path/Frameworks @loader_path/Frameworks";
				PRODUCT_BUNDLE_IDENTIFIER = ro.okamu.YearAppTests;
				PRODUCT_NAME = "$(TARGET_NAME)";
				SWIFT_VERSION = 3.0;
				TEST_HOST = "$(BUILT_PRODUCTS_DIR)/YearApp.app/YearApp";
			};
			name = Debug;
		};
		2ADE033C1E8F8A1000F77925 /* Release */ = {
			isa = XCBuildConfiguration;
			buildSettings = {
				ALWAYS_EMBED_SWIFT_STANDARD_LIBRARIES = YES;
				BUNDLE_LOADER = "$(TEST_HOST)";
				DEVELOPMENT_TEAM = 2E5E462W28;
				INFOPLIST_FILE = YearAppTests/Info.plist;
				LD_RUNPATH_SEARCH_PATHS = "$(inherited) @executable_path/Frameworks @loader_path/Frameworks";
				PRODUCT_BUNDLE_IDENTIFIER = ro.okamu.YearAppTests;
				PRODUCT_NAME = "$(TARGET_NAME)";
				SWIFT_VERSION = 3.0;
				TEST_HOST = "$(BUILT_PRODUCTS_DIR)/YearApp.app/YearApp";
			};
			name = Release;
		};
		2ADE033E1E8F8A1000F77925 /* Debug */ = {
			isa = XCBuildConfiguration;
			buildSettings = {
				ALWAYS_EMBED_SWIFT_STANDARD_LIBRARIES = YES;
				DEVELOPMENT_TEAM = 2E5E462W28;
				INFOPLIST_FILE = YearAppUITests/Info.plist;
				LD_RUNPATH_SEARCH_PATHS = "$(inherited) @executable_path/Frameworks @loader_path/Frameworks";
				PRODUCT_BUNDLE_IDENTIFIER = ro.okamu.YearAppUITests;
				PRODUCT_NAME = "$(TARGET_NAME)";
				SWIFT_VERSION = 3.0;
				TEST_TARGET_NAME = YearApp;
			};
			name = Debug;
		};
		2ADE033F1E8F8A1000F77925 /* Release */ = {
			isa = XCBuildConfiguration;
			buildSettings = {
				ALWAYS_EMBED_SWIFT_STANDARD_LIBRARIES = YES;
				DEVELOPMENT_TEAM = 2E5E462W28;
				INFOPLIST_FILE = YearAppUITests/Info.plist;
				LD_RUNPATH_SEARCH_PATHS = "$(inherited) @executable_path/Frameworks @loader_path/Frameworks";
				PRODUCT_BUNDLE_IDENTIFIER = ro.okamu.YearAppUITests;
				PRODUCT_NAME = "$(TARGET_NAME)";
				SWIFT_VERSION = 3.0;
				TEST_TARGET_NAME = YearApp;
			};
			name = Release;
		};
/* End XCBuildConfiguration section */

/* Begin XCConfigurationList section */
		2ADE030A1E8F8A1000F77925 /* Build configuration list for PBXProject "YearApp" */ = {
			isa = XCConfigurationList;
			buildConfigurations = (
				2ADE03351E8F8A1000F77925 /* Debug */,
				2ADE03361E8F8A1000F77925 /* Release */,
			);
			defaultConfigurationIsVisible = 0;
			defaultConfigurationName = Release;
		};
		2ADE03371E8F8A1000F77925 /* Build configuration list for PBXNativeTarget "YearApp" */ = {
			isa = XCConfigurationList;
			buildConfigurations = (
				2ADE03381E8F8A1000F77925 /* Debug */,
				2ADE03391E8F8A1000F77925 /* Release */,
			);
			defaultConfigurationIsVisible = 0;
			defaultConfigurationName = Release;
		};
		2ADE033A1E8F8A1000F77925 /* Build configuration list for PBXNativeTarget "YearAppTests" */ = {
			isa = XCConfigurationList;
			buildConfigurations = (
				2ADE033B1E8F8A1000F77925 /* Debug */,
				2ADE033C1E8F8A1000F77925 /* Release */,
			);
			defaultConfigurationIsVisible = 0;
			defaultConfigurationName = Release;
		};
		2ADE033D1E8F8A1000F77925 /* Build configuration list for PBXNativeTarget "YearAppUITests" */ = {
			isa = XCConfigurationList;
			buildConfigurations = (
				2ADE033E1E8F8A1000F77925 /* Debug */,
				2ADE033F1E8F8A1000F77925 /* Release */,
			);
			defaultConfigurationIsVisible = 0;
			defaultConfigurationName = Release;
		};
/* End XCConfigurationList section */
	};
	rootObject = 2ADE03071E8F8A1000F77925 /* Project object */;
}
